PODS:
  - AppCenter (2.5.3):
    - AppCenter/Analytics (= 2.5.3)
    - AppCenter/Crashes (= 2.5.3)
  - AppCenter/Analytics (2.5.3):
    - AppCenter/Core
  - AppCenter/Core (2.5.3)
  - AppCenter/Crashes (2.5.3):
    - AppCenter/Core

DEPENDENCIES:
  - AppCenter

SPEC REPOS:
  https://github.com/cocoapods/specs.git:
    - AppCenter

SPEC CHECKSUMS:
  AppCenter: 765ff38c4d360fc5ec61b61a8be24d74cd6d4d83

PODFILE CHECKSUM: e95c85ec59280308c4e9769ade6730c4782cad7e

COCOAPODS: 1.7.5
