// !$*UTF8*$!
{
	archiveVersion = 1;
	classes = {
	};
	objectVersion = 51;
	objects = {

/* Begin PBXBuildFile section */
		09435A5D3EB4AE6C4D2B4F5A /* Pods_Downloader.framework in Frameworks */ = {isa = PBXBuildFile; fileRef = FC38D235D7E8E50E8D688864 /* Pods_Downloader.framework */; };
		44370C8423FC36BA0015D47D /* UpdateManager.swift in Sources */ = {isa = PBXBuildFile; fileRef = 44370C8323FC36BA0015D47D /* UpdateManager.swift */; };
		44370C8623FD076C0015D47D /* Aria2cParser.swift in Sources */ = {isa = PBXBuildFile; fileRef = 44370C8523FD076C0015D47D /* Aria2cParser.swift */; };
		445F377224727D5700752087 /* EventLogger.swift in Sources */ = {isa = PBXBuildFile; fileRef = 445F377124727D5700752087 /* EventLogger.swift */; };
		445F3774247293E800752087 /* DownloadProcessProtocol.swift in Sources */ = {isa = PBXBuildFile; fileRef = 445F3773247293E800752087 /* DownloadProcessProtocol.swift */; };
		445F37772472AE2A00752087 /* DownloadProcess.swift in Sources */ = {isa = PBXBuildFile; fileRef = 445F37762472AE2A00752087 /* DownloadProcess.swift */; };
		446F5D3C247106F5006ED589 /* DownloadSourceTableViewHandler.swift in Sources */ = {isa = PBXBuildFile; fileRef = 446F5D3B247106F5006ED589 /* DownloadSourceTableViewHandler.swift */; };
		446F5D3E24710705006ED589 /* DownloadProgressTableViewHandler.swift in Sources */ = {isa = PBXBuildFile; fileRef = 446F5D3D24710705006ED589 /* DownloadProgressTableViewHandler.swift */; };
		446F5D402471128D006ED589 /* AppleVideoDownload.sh in Resources */ = {isa = PBXBuildFile; fileRef = 446F5D3F2471128D006ED589 /* AppleVideoDownload.sh */; };
		446FAED82495EE0E00213C44 /* DownloadProgress.swift in Sources */ = {isa = PBXBuildFile; fileRef = 446FAED72495EE0E00213C44 /* DownloadProgress.swift */; };
		446FAEDB2496161100213C44 /* DownloadProcessTableCellView.swift in Sources */ = {isa = PBXBuildFile; fileRef = 446FAEDA2496161100213C44 /* DownloadProcessTableCellView.swift */; };
		446FAEDD24964D1100213C44 /* DownloadProcessCompleteTableCellView.swift in Sources */ = {isa = PBXBuildFile; fileRef = 446FAEDC24964D1100213C44 /* DownloadProcessCompleteTableCellView.swift */; };
		44B6927D249F23CF001D62FD /* DLog.swift in Sources */ = {isa = PBXBuildFile; fileRef = 44B6927C249F23CF001D62FD /* DLog.swift */; };
		44B6927F249F3060001D62FD /* MenuItemActions.swift in Sources */ = {isa = PBXBuildFile; fileRef = 44B6927E249F3060001D62FD /* MenuItemActions.swift */; };
		44D423C42470F7AB00BC83D4 /* Configuration.swift in Sources */ = {isa = PBXBuildFile; fileRef = 44D423C32470F7AB00BC83D4 /* Configuration.swift */; };
		44DE11D723FA9B3900567A20 /* AppDelegate.swift in Sources */ = {isa = PBXBuildFile; fileRef = 44DE11D623FA9B3900567A20 /* AppDelegate.swift */; };
		44DE11D923FA9B3900567A20 /* DownloaderViewController.swift in Sources */ = {isa = PBXBuildFile; fileRef = 44DE11D823FA9B3900567A20 /* DownloaderViewController.swift */; };
		44DE11DB23FA9B3F00567A20 /* Assets.xcassets in Resources */ = {isa = PBXBuildFile; fileRef = 44DE11DA23FA9B3F00567A20 /* Assets.xcassets */; };
		44DE11DE23FA9B3F00567A20 /* Main.storyboard in Resources */ = {isa = PBXBuildFile; fileRef = 44DE11DC23FA9B3F00567A20 /* Main.storyboard */; };
		44DE11E923FAB88800567A20 /* AppleMoreDownload.sh in Resources */ = {isa = PBXBuildFile; fileRef = 44DE11E723FAA8B000567A20 /* AppleMoreDownload.sh */; };
		44DE11F823FBC8DA00567A20 /* DownloaderWindowController.swift in Sources */ = {isa = PBXBuildFile; fileRef = 44DE11F723FBC8DA00567A20 /* DownloaderWindowController.swift */; };
		44DE11FE23FBC9AE00567A20 /* DownloadProcessManager.swift in Sources */ = {isa = PBXBuildFile; fileRef = 44DE11FD23FBC9AE00567A20 /* DownloadProcessManager.swift */; };
		44DE120823FBE48900567A20 /* Localizable.strings in Resources */ = {isa = PBXBuildFile; fileRef = 44DE120723FBE48900567A20 /* Localizable.strings */; };
		44DE120F23FC2ECA00567A20 /* WebKit.framework in Frameworks */ = {isa = PBXBuildFile; fileRef = 44DE120E23FC2ECA00567A20 /* WebKit.framework */; };
		44DE121123FC2ECF00567A20 /* Cocoa.framework in Frameworks */ = {isa = PBXBuildFile; fileRef = 44DE121023FC2ECF00567A20 /* Cocoa.framework */; };
/* End PBXBuildFile section */

/* Begin PBXFileReference section */
		44370C8323FC36BA0015D47D /* UpdateManager.swift */ = {isa = PBXFileReference; lastKnownFileType = sourcecode.swift; path = UpdateManager.swift; sourceTree = "<group>"; };
		44370C8523FD076C0015D47D /* Aria2cParser.swift */ = {isa = PBXFileReference; lastKnownFileType = sourcecode.swift; path = Aria2cParser.swift; sourceTree = "<group>"; };
		445F377124727D5700752087 /* EventLogger.swift */ = {isa = PBXFileReference; lastKnownFileType = sourcecode.swift; path = EventLogger.swift; sourceTree = "<group>"; };
		445F3773247293E800752087 /* DownloadProcessProtocol.swift */ = {isa = PBXFileReference; lastKnownFileType = sourcecode.swift; path = DownloadProcessProtocol.swift; sourceTree = "<group>"; };
		445F37762472AE2A00752087 /* DownloadProcess.swift */ = {isa = PBXFileReference; lastKnownFileType = sourcecode.swift; path = DownloadProcess.swift; sourceTree = "<group>"; };
		446F5D3B247106F5006ED589 /* DownloadSourceTableViewHandler.swift */ = {isa = PBXFileReference; lastKnownFileType = sourcecode.swift; path = DownloadSourceTableViewHandler.swift; sourceTree = "<group>"; };
		446F5D3D24710705006ED589 /* DownloadProgressTableViewHandler.swift */ = {isa = PBXFileReference; lastKnownFileType = sourcecode.swift; path = DownloadProgressTableViewHandler.swift; sourceTree = "<group>"; };
		446F5D3F2471128D006ED589 /* AppleVideoDownload.sh */ = {isa = PBXFileReference; fileEncoding = 4; lastKnownFileType = text.script.sh; path = AppleVideoDownload.sh; sourceTree = "<group>"; };
		446FAED72495EE0E00213C44 /* DownloadProgress.swift */ = {isa = PBXFileReference; lastKnownFileType = sourcecode.swift; path = DownloadProgress.swift; sourceTree = "<group>"; };
		446FAEDA2496161100213C44 /* DownloadProcessTableCellView.swift */ = {isa = PBXFileReference; lastKnownFileType = sourcecode.swift; path = DownloadProcessTableCellView.swift; sourceTree = "<group>"; };
		446FAEDC24964D1100213C44 /* DownloadProcessCompleteTableCellView.swift */ = {isa = PBXFileReference; lastKnownFileType = sourcecode.swift; path = DownloadProcessCompleteTableCellView.swift; sourceTree = "<group>"; };
		44B6927C249F23CF001D62FD /* DLog.swift */ = {isa = PBXFileReference; lastKnownFileType = sourcecode.swift; path = DLog.swift; sourceTree = "<group>"; };
		44B6927E249F3060001D62FD /* MenuItemActions.swift */ = {isa = PBXFileReference; lastKnownFileType = sourcecode.swift; path = MenuItemActions.swift; sourceTree = "<group>"; };
		44D423C32470F7AB00BC83D4 /* Configuration.swift */ = {isa = PBXFileReference; lastKnownFileType = sourcecode.swift; path = Configuration.swift; sourceTree = "<group>"; };
		44DE11D323FA9B3900567A20 /* Downloader.app */ = {isa = PBXFileReference; explicitFileType = wrapper.application; includeInIndex = 0; path = Downloader.app; sourceTree = BUILT_PRODUCTS_DIR; };
		44DE11D623FA9B3900567A20 /* AppDelegate.swift */ = {isa = PBXFileReference; lastKnownFileType = sourcecode.swift; path = AppDelegate.swift; sourceTree = "<group>"; };
		44DE11D823FA9B3900567A20 /* DownloaderViewController.swift */ = {isa = PBXFileReference; lastKnownFileType = sourcecode.swift; path = DownloaderViewController.swift; sourceTree = "<group>"; };
		44DE11DA23FA9B3F00567A20 /* Assets.xcassets */ = {isa = PBXFileReference; lastKnownFileType = folder.assetcatalog; path = Assets.xcassets; sourceTree = "<group>"; };
		44DE11DD23FA9B3F00567A20 /* Base */ = {isa = PBXFileReference; lastKnownFileType = file.storyboard; name = Base; path = Base.lproj/Main.storyboard; sourceTree = "<group>"; };
		44DE11DF23FA9B3F00567A20 /* Info.plist */ = {isa = PBXFileReference; lastKnownFileType = text.plist.xml; path = Info.plist; sourceTree = "<group>"; };
		44DE11E023FA9B3F00567A20 /* Downloader.entitlements */ = {isa = PBXFileReference; lastKnownFileType = text.plist.entitlements; path = Downloader.entitlements; sourceTree = "<group>"; };
		44DE11E723FAA8B000567A20 /* AppleMoreDownload.sh */ = {isa = PBXFileReference; lastKnownFileType = text.script.sh; path = AppleMoreDownload.sh; sourceTree = "<group>"; };
		44DE11F723FBC8DA00567A20 /* DownloaderWindowController.swift */ = {isa = PBXFileReference; lastKnownFileType = sourcecode.swift; path = DownloaderWindowController.swift; sourceTree = "<group>"; };
		44DE11FD23FBC9AE00567A20 /* DownloadProcessManager.swift */ = {isa = PBXFileReference; lastKnownFileType = sourcecode.swift; path = DownloadProcessManager.swift; sourceTree = "<group>"; };
		44DE120723FBE48900567A20 /* Localizable.strings */ = {isa = PBXFileReference; lastKnownFileType = text.plist.strings; path = Localizable.strings; sourceTree = "<group>"; };
		44DE120E23FC2ECA00567A20 /* WebKit.framework */ = {isa = PBXFileReference; lastKnownFileType = wrapper.framework; name = WebKit.framework; path = System/Library/Frameworks/WebKit.framework; sourceTree = SDKROOT; };
		44DE121023FC2ECF00567A20 /* Cocoa.framework */ = {isa = PBXFileReference; lastKnownFileType = wrapper.framework; name = Cocoa.framework; path = System/Library/Frameworks/Cocoa.framework; sourceTree = SDKROOT; };
		AF027EACAF7837C941BB6E0E /* Pods-Downloader.release.xcconfig */ = {isa = PBXFileReference; includeInIndex = 1; lastKnownFileType = text.xcconfig; name = "Pods-Downloader.release.xcconfig"; path = "Target Support Files/Pods-Downloader/Pods-Downloader.release.xcconfig"; sourceTree = "<group>"; };
		C38590FFA7C91C670C6D1982 /* Pods-Downloader.debug.xcconfig */ = {isa = PBXFileReference; includeInIndex = 1; lastKnownFileType = text.xcconfig; name = "Pods-Downloader.debug.xcconfig"; path = "Target Support Files/Pods-Downloader/Pods-Downloader.debug.xcconfig"; sourceTree = "<group>"; };
		FC38D235D7E8E50E8D688864 /* Pods_Downloader.framework */ = {isa = PBXFileReference; explicitFileType = wrapper.framework; includeInIndex = 0; path = Pods_Downloader.framework; sourceTree = BUILT_PRODUCTS_DIR; };
/* End PBXFileReference section */

/* Begin PBXFrameworksBuildPhase section */
		44DE11D023FA9B3900567A20 /* Frameworks */ = {
			isa = PBXFrameworksBuildPhase;
			buildActionMask = 2147483647;
			files = (
				44DE120F23FC2ECA00567A20 /* WebKit.framework in Frameworks */,
				09435A5D3EB4AE6C4D2B4F5A /* Pods_Downloader.framework in Frameworks */,
				44DE121123FC2ECF00567A20 /* Cocoa.framework in Frameworks */,
			);
			runOnlyForDeploymentPostprocessing = 0;
		};
/* End PBXFrameworksBuildPhase section */

/* Begin PBXGroup section */
		44370C8023FC354A0015D47D /* ViewControllers */ = {
			isa = PBXGroup;
			children = (
				44DE11FB23FBC8F500567A20 /* DownloaderControllers */,
				44DE11DC23FA9B3F00567A20 /* Main.storyboard */,
			);
			path = ViewControllers;
			sourceTree = "<group>";
		};
		44370C8123FC35770015D47D /* Common */ = {
			isa = PBXGroup;
			children = (
				445F377024727D2C00752087 /* Logger */,
				44D423C22470F79600BC83D4 /* Configurations */,
				44370C8223FC369B0015D47D /* UpdateManager */,
				44DE11FC23FBC99900567A20 /* DownloadProcessManager */,
			);
			path = Common;
			sourceTree = "<group>";
		};
		44370C8223FC369B0015D47D /* UpdateManager */ = {
			isa = PBXGroup;
			children = (
				44370C8323FC36BA0015D47D /* UpdateManager.swift */,
			);
			path = UpdateManager;
			sourceTree = "<group>";
		};
		445F377024727D2C00752087 /* Logger */ = {
			isa = PBXGroup;
			children = (
				44B6927C249F23CF001D62FD /* DLog.swift */,
				445F377124727D5700752087 /* EventLogger.swift */,
			);
			path = Logger;
			sourceTree = "<group>";
		};
		446FAED9249615BD00213C44 /* DownloadProcessCell */ = {
			isa = PBXGroup;
			children = (
				446FAEDA2496161100213C44 /* DownloadProcessTableCellView.swift */,
				446FAEDC24964D1100213C44 /* DownloadProcessCompleteTableCellView.swift */,
			);
			path = DownloadProcessCell;
			sourceTree = "<group>";
		};
		44D423C22470F79600BC83D4 /* Configurations */ = {
			isa = PBXGroup;
			children = (
				44D423C32470F7AB00BC83D4 /* Configuration.swift */,
			);
			path = Configurations;
			sourceTree = "<group>";
		};
		44DE11CA23FA9B3900567A20 = {
			isa = PBXGroup;
			children = (
				44DE11D523FA9B3900567A20 /* Downloader */,
				44DE11D423FA9B3900567A20 /* Products */,
				CB1EAA203A3960A8004525D0 /* Pods */,
				98064A8414BDA2AB1AA50220 /* Frameworks */,
			);
			sourceTree = "<group>";
		};
		44DE11D423FA9B3900567A20 /* Products */ = {
			isa = PBXGroup;
			children = (
				44DE11D323FA9B3900567A20 /* Downloader.app */,
			);
			name = Products;
			sourceTree = "<group>";
		};
		44DE11D523FA9B3900567A20 /* Downloader */ = {
			isa = PBXGroup;
			children = (
				44DE11E623FAA88C00567A20 /* Scripts */,
				44370C8123FC35770015D47D /* Common */,
				44370C8023FC354A0015D47D /* ViewControllers */,
				44DE120423FBE3E600567A20 /* Resources */,
				44DE11D623FA9B3900567A20 /* AppDelegate.swift */,
				44B6927E249F3060001D62FD /* MenuItemActions.swift */,
				44DE11DF23FA9B3F00567A20 /* Info.plist */,
				44DE11E023FA9B3F00567A20 /* Downloader.entitlements */,
			);
			path = Downloader;
			sourceTree = "<group>";
		};
		44DE11E623FAA88C00567A20 /* Scripts */ = {
			isa = PBXGroup;
			children = (
				44DE11E723FAA8B000567A20 /* AppleMoreDownload.sh */,
				446F5D3F2471128D006ED589 /* AppleVideoDownload.sh */,
			);
			path = Scripts;
			sourceTree = "<group>";
		};
		44DE11FB23FBC8F500567A20 /* DownloaderControllers */ = {
			isa = PBXGroup;
			children = (
				446FAED9249615BD00213C44 /* DownloadProcessCell */,
				44DE11F723FBC8DA00567A20 /* DownloaderWindowController.swift */,
				44DE11D823FA9B3900567A20 /* DownloaderViewController.swift */,
				446F5D3B247106F5006ED589 /* DownloadSourceTableViewHandler.swift */,
				446F5D3D24710705006ED589 /* DownloadProgressTableViewHandler.swift */,
			);
			path = DownloaderControllers;
			sourceTree = "<group>";
		};
		44DE11FC23FBC99900567A20 /* DownloadProcessManager */ = {
			isa = PBXGroup;
			children = (
				44370C8523FD076C0015D47D /* Aria2cParser.swift */,
				446FAED72495EE0E00213C44 /* DownloadProgress.swift */,
				445F37762472AE2A00752087 /* DownloadProcess.swift */,
				44DE11FD23FBC9AE00567A20 /* DownloadProcessManager.swift */,
				445F3773247293E800752087 /* DownloadProcessProtocol.swift */,
			);
			path = DownloadProcessManager;
			sourceTree = "<group>";
		};
		44DE120423FBE3E600567A20 /* Resources */ = {
			isa = PBXGroup;
			children = (
				44DE11DA23FA9B3F00567A20 /* Assets.xcassets */,
				44DE120723FBE48900567A20 /* Localizable.strings */,
			);
			path = Resources;
			sourceTree = "<group>";
		};
		98064A8414BDA2AB1AA50220 /* Frameworks */ = {
			isa = PBXGroup;
			children = (
				44DE121023FC2ECF00567A20 /* Cocoa.framework */,
				44DE120E23FC2ECA00567A20 /* WebKit.framework */,
				FC38D235D7E8E50E8D688864 /* Pods_Downloader.framework */,
			);
			name = Frameworks;
			sourceTree = "<group>";
		};
		CB1EAA203A3960A8004525D0 /* Pods */ = {
			isa = PBXGroup;
			children = (
				C38590FFA7C91C670C6D1982 /* Pods-Downloader.debug.xcconfig */,
				AF027EACAF7837C941BB6E0E /* Pods-Downloader.release.xcconfig */,
			);
			path = Pods;
			sourceTree = "<group>";
		};
/* End PBXGroup section */

/* Begin PBXNativeTarget section */
		44DE11D223FA9B3900567A20 /* Downloader */ = {
			isa = PBXNativeTarget;
			buildConfigurationList = 44DE11E323FA9B3F00567A20 /* Build configuration list for PBXNativeTarget "Downloader" */;
			buildPhases = (
				CB3C7817B329B7489B34745C /* [CP] Check Pods Manifest.lock */,
				44DE11CF23FA9B3900567A20 /* Sources */,
				44DE11D023FA9B3900567A20 /* Frameworks */,
				44DE11D123FA9B3900567A20 /* Resources */,
				2A652454B81E2BABA93DCEEE /* [CP] Embed Pods Frameworks */,
			);
			buildRules = (
			);
			dependencies = (
			);
			name = Downloader;
			productName = DeveloperToolsDownloader;
			productReference = 44DE11D323FA9B3900567A20 /* Downloader.app */;
			productType = "com.apple.product-type.application";
		};
/* End PBXNativeTarget section */

/* Begin PBXProject section */
		44DE11CB23FA9B3900567A20 /* Project object */ = {
			isa = PBXProject;
			attributes = {
				LastSwiftUpdateCheck = 1130;
				LastUpgradeCheck = 1140;
				ORGANIZATIONNAME = "Developer Insider";
				TargetAttributes = {
					44DE11D223FA9B3900567A20 = {
						CreatedOnToolsVersion = 11.3;
					};
				};
			};
			buildConfigurationList = 44DE11CE23FA9B3900567A20 /* Build configuration list for PBXProject "Downloader" */;
			compatibilityVersion = "Xcode 9.3";
			developmentRegion = en;
			hasScannedForEncodings = 0;
			knownRegions = (
				en,
				Base,
			);
			mainGroup = 44DE11CA23FA9B3900567A20;
			productRefGroup = 44DE11D423FA9B3900567A20 /* Products */;
			projectDirPath = "";
			projectRoot = "";
			targets = (
				44DE11D223FA9B3900567A20 /* Downloader */,
			);
		};
/* End PBXProject section */

/* Begin PBXResourcesBuildPhase section */
		44DE11D123FA9B3900567A20 /* Resources */ = {
			isa = PBXResourcesBuildPhase;
			buildActionMask = 2147483647;
			files = (
				44DE120823FBE48900567A20 /* Localizable.strings in Resources */,
				44DE11E923FAB88800567A20 /* AppleMoreDownload.sh in Resources */,
				446F5D402471128D006ED589 /* AppleVideoDownload.sh in Resources */,
				44DE11DB23FA9B3F00567A20 /* Assets.xcassets in Resources */,
				44DE11DE23FA9B3F00567A20 /* Main.storyboard in Resources */,
			);
			runOnlyForDeploymentPostprocessing = 0;
		};
/* End PBXResourcesBuildPhase section */

/* Begin PBXShellScriptBuildPhase section */
		2A652454B81E2BABA93DCEEE /* [CP] Embed Pods Frameworks */ = {
			isa = PBXShellScriptBuildPhase;
			buildActionMask = 2147483647;
			files = (
			);
			inputFileListPaths = (
				"${PODS_ROOT}/Target Support Files/Pods-Downloader/Pods-Downloader-frameworks-${CONFIGURATION}-input-files.xcfilelist",
			);
			name = "[CP] Embed Pods Frameworks";
			outputFileListPaths = (
				"${PODS_ROOT}/Target Support Files/Pods-Downloader/Pods-Downloader-frameworks-${CONFIGURATION}-output-files.xcfilelist",
			);
			runOnlyForDeploymentPostprocessing = 0;
			shellPath = /bin/sh;
			shellScript = "\"${PODS_ROOT}/Target Support Files/Pods-Downloader/Pods-Downloader-frameworks.sh\"\n";
			showEnvVarsInLog = 0;
		};
		CB3C7817B329B7489B34745C /* [CP] Check Pods Manifest.lock */ = {
			isa = PBXShellScriptBuildPhase;
			buildActionMask = 2147483647;
			files = (
			);
			inputFileListPaths = (
			);
			inputPaths = (
				"${PODS_PODFILE_DIR_PATH}/Podfile.lock",
				"${PODS_ROOT}/Manifest.lock",
			);
			name = "[CP] Check Pods Manifest.lock";
			outputFileListPaths = (
			);
			outputPaths = (
				"$(DERIVED_FILE_DIR)/Pods-Downloader-checkManifestLockResult.txt",
			);
			runOnlyForDeploymentPostprocessing = 0;
			shellPath = /bin/sh;
			shellScript = "diff \"${PODS_PODFILE_DIR_PATH}/Podfile.lock\" \"${PODS_ROOT}/Manifest.lock\" > /dev/null\nif [ $? != 0 ] ; then\n    # print error to STDERR\n    echo \"error: The sandbox is not in sync with the Podfile.lock. Run 'pod install' or update your CocoaPods installation.\" >&2\n    exit 1\nfi\n# This output is used by Xcode 'outputs' to avoid re-running this script phase.\necho \"SUCCESS\" > \"${SCRIPT_OUTPUT_FILE_0}\"\n";
			showEnvVarsInLog = 0;
		};
/* End PBXShellScriptBuildPhase section */

/* Begin PBXSourcesBuildPhase section */
		44DE11CF23FA9B3900567A20 /* Sources */ = {
			isa = PBXSourcesBuildPhase;
			buildActionMask = 2147483647;
			files = (
				445F377224727D5700752087 /* EventLogger.swift in Sources */,
				446FAEDD24964D1100213C44 /* DownloadProcessCompleteTableCellView.swift in Sources */,
				44370C8623FD076C0015D47D /* Aria2cParser.swift in Sources */,
				44DE11D923FA9B3900567A20 /* DownloaderViewController.swift in Sources */,
				445F3774247293E800752087 /* DownloadProcessProtocol.swift in Sources */,
				446FAED82495EE0E00213C44 /* DownloadProgress.swift in Sources */,
				446F5D3E24710705006ED589 /* DownloadProgressTableViewHandler.swift in Sources */,
				44370C8423FC36BA0015D47D /* UpdateManager.swift in Sources */,
				44DE11FE23FBC9AE00567A20 /* DownloadProcessManager.swift in Sources */,
				44DE11D723FA9B3900567A20 /* AppDelegate.swift in Sources */,
				44D423C42470F7AB00BC83D4 /* Configuration.swift in Sources */,
				44B6927D249F23CF001D62FD /* DLog.swift in Sources */,
				44DE11F823FBC8DA00567A20 /* DownloaderWindowController.swift in Sources */,
				446F5D3C247106F5006ED589 /* DownloadSourceTableViewHandler.swift in Sources */,
				446FAEDB2496161100213C44 /* DownloadProcessTableCellView.swift in Sources */,
				445F37772472AE2A00752087 /* DownloadProcess.swift in Sources */,
				44B6927F249F3060001D62FD /* MenuItemActions.swift in Sources */,
			);
			runOnlyForDeploymentPostprocessing = 0;
		};
/* End PBXSourcesBuildPhase section */

/* Begin PBXVariantGroup section */
		44DE11DC23FA9B3F00567A20 /* Main.storyboard */ = {
			isa = PBXVariantGroup;
			children = (
				44DE11DD23FA9B3F00567A20 /* Base */,
			);
			name = Main.storyboard;
			sourceTree = "<group>";
		};
/* End PBXVariantGroup section */

/* Begin XCBuildConfiguration section */
		44DE11E123FA9B3F00567A20 /* Debug */ = {
			isa = XCBuildConfiguration;
			buildSettings = {
				ALWAYS_SEARCH_USER_PATHS = NO;
				CLANG_ANALYZER_NONNULL = YES;
				CLANG_ANALYZER_NUMBER_OBJECT_CONVERSION = YES_AGGRESSIVE;
				CLANG_CXX_LANGUAGE_STANDARD = "gnu++14";
				CLANG_CXX_LIBRARY = "libc++";
				CLANG_ENABLE_MODULES = YES;
				CLANG_ENABLE_OBJC_ARC = YES;
				CLANG_ENABLE_OBJC_WEAK = YES;
				CLANG_WARN_BLOCK_CAPTURE_AUTORELEASING = YES;
				CLANG_WARN_BOOL_CONVERSION = YES;
				CLANG_WARN_COMMA = YES;
				CLANG_WARN_CONSTANT_CONVERSION = YES;
				CLANG_WARN_DEPRECATED_OBJC_IMPLEMENTATIONS = YES;
				CLANG_WARN_DIRECT_OBJC_ISA_USAGE = YES_ERROR;
				CLANG_WARN_DOCUMENTATION_COMMENTS = YES;
				CLANG_WARN_EMPTY_BODY = YES;
				CLANG_WARN_ENUM_CONVERSION = YES;
				CLANG_WARN_INFINITE_RECURSION = YES;
				CLANG_WARN_INT_CONVERSION = YES;
				CLANG_WARN_NON_LITERAL_NULL_CONVERSION = YES;
				CLANG_WARN_OBJC_IMPLICIT_RETAIN_SELF = YES;
				CLANG_WARN_OBJC_LITERAL_CONVERSION = YES;
				CLANG_WARN_OBJC_ROOT_CLASS = YES_ERROR;
				CLANG_WARN_RANGE_LOOP_ANALYSIS = YES;
				CLANG_WARN_STRICT_PROTOTYPES = YES;
				CLANG_WARN_SUSPICIOUS_MOVE = YES;
				CLANG_WARN_UNGUARDED_AVAILABILITY = YES_AGGRESSIVE;
				CLANG_WARN_UNREACHABLE_CODE = YES;
				CLANG_WARN__DUPLICATE_METHOD_MATCH = YES;
				COPY_PHASE_STRIP = NO;
				DEBUG_INFORMATION_FORMAT = dwarf;
				ENABLE_STRICT_OBJC_MSGSEND = YES;
				ENABLE_TESTABILITY = YES;
				GCC_C_LANGUAGE_STANDARD = gnu11;
				GCC_DYNAMIC_NO_PIC = NO;
				GCC_NO_COMMON_BLOCKS = YES;
				GCC_OPTIMIZATION_LEVEL = 0;
				GCC_PREPROCESSOR_DEFINITIONS = (
					"DEBUG=1",
					"$(inherited)",
				);
				GCC_WARN_64_TO_32_BIT_CONVERSION = YES;
				GCC_WARN_ABOUT_RETURN_TYPE = YES_ERROR;
				GCC_WARN_UNDECLARED_SELECTOR = YES;
				GCC_WARN_UNINITIALIZED_AUTOS = YES_AGGRESSIVE;
				GCC_WARN_UNUSED_FUNCTION = YES;
				GCC_WARN_UNUSED_VARIABLE = YES;
				MACOSX_DEPLOYMENT_TARGET = 10.15;
				MTL_ENABLE_DEBUG_INFO = INCLUDE_SOURCE;
				MTL_FAST_MATH = YES;
				ONLY_ACTIVE_ARCH = YES;
				SDKROOT = macosx;
				SWIFT_ACTIVE_COMPILATION_CONDITIONS = DEBUG;
				SWIFT_OPTIMIZATION_LEVEL = "-Onone";
			};
			name = Debug;
		};
		44DE11E223FA9B3F00567A20 /* Release */ = {
			isa = XCBuildConfiguration;
			buildSettings = {
				ALWAYS_SEARCH_USER_PATHS = NO;
				CLANG_ANALYZER_NONNULL = YES;
				CLANG_ANALYZER_NUMBER_OBJECT_CONVERSION = YES_AGGRESSIVE;
				CLANG_CXX_LANGUAGE_STANDARD = "gnu++14";
				CLANG_CXX_LIBRARY = "libc++";
				CLANG_ENABLE_MODULES = YES;
				CLANG_ENABLE_OBJC_ARC = YES;
				CLANG_ENABLE_OBJC_WEAK = YES;
				CLANG_WARN_BLOCK_CAPTURE_AUTORELEASING = YES;
				CLANG_WARN_BOOL_CONVERSION = YES;
				CLANG_WARN_COMMA = YES;
				CLANG_WARN_CONSTANT_CONVERSION = YES;
				CLANG_WARN_DEPRECATED_OBJC_IMPLEMENTATIONS = YES;
				CLANG_WARN_DIRECT_OBJC_ISA_USAGE = YES_ERROR;
				CLANG_WARN_DOCUMENTATION_COMMENTS = YES;
				CLANG_WARN_EMPTY_BODY = YES;
				CLANG_WARN_ENUM_CONVERSION = YES;
				CLANG_WARN_INFINITE_RECURSION = YES;
				CLANG_WARN_INT_CONVERSION = YES;
				CLANG_WARN_NON_LITERAL_NULL_CONVERSION = YES;
				CLANG_WARN_OBJC_IMPLICIT_RETAIN_SELF = YES;
				CLANG_WARN_OBJC_LITERAL_CONVERSION = YES;
				CLANG_WARN_OBJC_ROOT_CLASS = YES_ERROR;
				CLANG_WARN_RANGE_LOOP_ANALYSIS = YES;
				CLANG_WARN_STRICT_PROTOTYPES = YES;
				CLANG_WARN_SUSPICIOUS_MOVE = YES;
				CLANG_WARN_UNGUARDED_AVAILABILITY = YES_AGGRESSIVE;
				CLANG_WARN_UNREACHABLE_CODE = YES;
				CLANG_WARN__DUPLICATE_METHOD_MATCH = YES;
				COPY_PHASE_STRIP = NO;
				DEBUG_INFORMATION_FORMAT = "dwarf-with-dsym";
				ENABLE_NS_ASSERTIONS = NO;
				ENABLE_STRICT_OBJC_MSGSEND = YES;
				GCC_C_LANGUAGE_STANDARD = gnu11;
				GCC_NO_COMMON_BLOCKS = YES;
				GCC_WARN_64_TO_32_BIT_CONVERSION = YES;
				GCC_WARN_ABOUT_RETURN_TYPE = YES_ERROR;
				GCC_WARN_UNDECLARED_SELECTOR = YES;
				GCC_WARN_UNINITIALIZED_AUTOS = YES_AGGRESSIVE;
				GCC_WARN_UNUSED_FUNCTION = YES;
				GCC_WARN_UNUSED_VARIABLE = YES;
				MACOSX_DEPLOYMENT_TARGET = 10.15;
				MTL_ENABLE_DEBUG_INFO = NO;
				MTL_FAST_MATH = YES;
				SDKROOT = macosx;
				SWIFT_COMPILATION_MODE = wholemodule;
				SWIFT_OPTIMIZATION_LEVEL = "-O";
			};
			name = Release;
		};
		44DE11E423FA9B3F00567A20 /* Debug */ = {
			isa = XCBuildConfiguration;
			baseConfigurationReference = C38590FFA7C91C670C6D1982 /* Pods-Downloader.debug.xcconfig */;
			buildSettings = {
				ASSETCATALOG_COMPILER_APPICON_NAME = AppIcon;
				CODE_SIGN_ENTITLEMENTS = Downloader/Downloader.entitlements;
				CODE_SIGN_IDENTITY = "-";
				CODE_SIGN_STYLE = Automatic;
				COMBINE_HIDPI_IMAGES = YES;
				CURRENT_PROJECT_VERSION = 1;
				DEVELOPMENT_ASSET_PATHS = "";
				DEVELOPMENT_TEAM = 4F7SW76LL6;
				ENABLE_HARDENED_RUNTIME = NO;
				INFOPLIST_FILE = Downloader/Info.plist;
				LD_RUNPATH_SEARCH_PATHS = (
					"$(inherited)",
					"@executable_path/../Frameworks",
				);
				MACOSX_DEPLOYMENT_TARGET = 10.13;
				MARKETING_VERSION = 2.2;
				PRODUCT_BUNDLE_IDENTIFIER = co.di.Downloader;
				PRODUCT_NAME = "$(TARGET_NAME)";
				SWIFT_VERSION = 5.0;
			};
			name = Debug;
		};
		44DE11E523FA9B3F00567A20 /* Release */ = {
			isa = XCBuildConfiguration;
			baseConfigurationReference = AF027EACAF7837C941BB6E0E /* Pods-Downloader.release.xcconfig */;
			buildSettings = {
				ASSETCATALOG_COMPILER_APPICON_NAME = AppIcon;
				CODE_SIGN_ENTITLEMENTS = Downloader/Downloader.entitlements;
				CODE_SIGN_IDENTITY = "-";
				CODE_SIGN_STYLE = Automatic;
				COMBINE_HIDPI_IMAGES = YES;
				CURRENT_PROJECT_VERSION = 1;
				DEVELOPMENT_ASSET_PATHS = "";
				DEVELOPMENT_TEAM = 4F7SW76LL6;
				ENABLE_HARDENED_RUNTIME = NO;
				INFOPLIST_FILE = Downloader/Info.plist;
				LD_RUNPATH_SEARCH_PATHS = (
					"$(inherited)",
					"@executable_path/../Frameworks",
				);
				MACOSX_DEPLOYMENT_TARGET = 10.13;
				MARKETING_VERSION = 2.2;
				PRODUCT_BUNDLE_IDENTIFIER = co.di.Downloader;
				PRODUCT_NAME = "$(TARGET_NAME)";
				SWIFT_VERSION = 5.0;
			};
			name = Release;
		};
/* End XCBuildConfiguration section */

/* Begin XCConfigurationList section */
		44DE11CE23FA9B3900567A20 /* Build configuration list for PBXProject "Downloader" */ = {
			isa = XCConfigurationList;
			buildConfigurations = (
				44DE11E123FA9B3F00567A20 /* Debug */,
				44DE11E223FA9B3F00567A20 /* Release */,
			);
			defaultConfigurationIsVisible = 0;
			defaultConfigurationName = Release;
		};
		44DE11E323FA9B3F00567A20 /* Build configuration list for PBXNativeTarget "Downloader" */ = {
			isa = XCConfigurationList;
			buildConfigurations = (
				44DE11E423FA9B3F00567A20 /* Debug */,
				44DE11E523FA9B3F00567A20 /* Release */,
			);
			defaultConfigurationIsVisible = 0;
			defaultConfigurationName = Release;
		};
/* End XCConfigurationList section */
	};
	rootObject = 44DE11CB23FA9B3900567A20 /* Project object */;
}
